
Microsoft Visual Studio Solution File, Format Version 12.00
# Visual Studio Version 17
VisualStudioVersion = 17.0.32112.339
MinimumVisualStudioVersion = 10.0.40219.1
Project("{FAE04EC0-301F-11D3-BF4B-00C04F79EFBC}") = "SongLinkBot", "SongLinkBot\SongLinkBot.csproj", "{6A007F4B-EE68-449D-B4F9-B085C0909CFD}"
EndProject
Project("{2150E333-8FDC-42A3-9474-1A3956D46DE8}") = "Solution Items", "Solution Items", "{D9CCE0CA-7033-4852-90BF-5B433459998C}"
	ProjectSection(SolutionItems) = preProject
		..\README.md = ..\README.md
	EndProjectSection
EndProject
Global
	GlobalSection(SolutionConfigurationPlatforms) = preSolution
		Debug|Any CPU = Debug|Any CPU
		Release|Any CPU = Release|Any CPU
	EndGlobalSection
	GlobalSection(ProjectConfigurationPlatforms) = postSolution
		{6A007F4B-EE68-449D-B4F9-B085C0909CFD}.Debug|Any CPU.ActiveCfg = Debug|Any CPU
		{6A007F4B-EE68-449D-B4F9-B085C0909CFD}.Debug|Any CPU.Build.0 = Debug|Any CPU
		{6A007F4B-EE68-449D-B4F9-B085C0909CFD}.Release|Any CPU.ActiveCfg = Release|Any CPU
		{6A007F4B-EE68-449D-B4F9-B085C0909CFD}.Release|Any CPU.Build.0 = Release|Any CPU
	EndGlobalSection
	GlobalSection(SolutionProperties) = preSolution
		HideSolutionNode = FALSE
	EndGlobalSection
	GlobalSection(ExtensibilityGlobals) = postSolution
		SolutionGuid = {840D9C9C-FCBD-45A6-81D1-87FDE85643C1}
	EndGlobalSection
EndGlobal
